
Microsoft Visual Studio Solution File, Format Version 12.00
# Visual Studio Version 16
VisualStudioVersion = 16.0.31829.152
MinimumVisualStudioVersion = 10.0.40219.1
Project("{FAE04EC0-301F-11D3-BF4B-00C04F79EFBC}") = "RepetClass", "RepetClass\RepetClass.csproj", "{2657426C-F5FA-4B56-9DEE-ABC078E374DE}"
EndProject
Project("{FAE04EC0-301F-11D3-BF4B-00C04F79EFBC}") = "Service", "Service\Service.csproj", "{C7061843-2A69-49D9-994A-0BE619EA1DFD}"
EndProject
Global
	GlobalSection(SolutionConfigurationPlatforms) = preSolution
		Debug|Any CPU = Debug|Any CPU
		Release|Any CPU = Release|Any CPU
	EndGlobalSection
	GlobalSection(ProjectConfigurationPlatforms) = postSolution
		{2657426C-F5FA-4B56-9DEE-ABC078E374DE}.Debug|Any CPU.ActiveCfg = Debug|Any CPU
		{2657426C-F5FA-4B56-9DEE-ABC078E374DE}.Debug|Any CPU.Build.0 = Debug|Any CPU
		{2657426C-F5FA-4B56-9DEE-ABC078E374DE}.Release|Any CPU.ActiveCfg = Release|Any CPU
		{2657426C-F5FA-4B56-9DEE-ABC078E374DE}.Release|Any CPU.Build.0 = Release|Any CPU
		{C7061843-2A69-49D9-994A-0BE619EA1DFD}.Debug|Any CPU.ActiveCfg = Debug|Any CPU
		{C7061843-2A69-49D9-994A-0BE619EA1DFD}.Debug|Any CPU.Build.0 = Debug|Any CPU
		{C7061843-2A69-49D9-994A-0BE619EA1DFD}.Release|Any CPU.ActiveCfg = Release|Any CPU
		{C7061843-2A69-49D9-994A-0BE619EA1DFD}.Release|Any CPU.Build.0 = Release|Any CPU
	EndGlobalSection
	GlobalSection(SolutionProperties) = preSolution
		HideSolutionNode = FALSE
	EndGlobalSection
	GlobalSection(ExtensibilityGlobals) = postSolution
		SolutionGuid = {DD925F8C-051E-4BDB-9838-AEB6EBB21A5C}
	EndGlobalSection
EndGlobal
